
Microsoft Visual Studio Solution File, Format Version 12.00
# Visual Studio Version 17
VisualStudioVersion = 17.7.34031.279
MinimumVisualStudioVersion = 10.0.40219.1
Project("{FAE04EC0-301F-11D3-BF4B-00C04F79EFBC}") = "GoodHabits", "GoodHabits\GoodHabits.csproj", "{9FF0388B-B286-4872-AF48-5B88D31E7249}"
EndProject
Global
	GlobalSection(SolutionConfigurationPlatforms) = preSolution
		Debug|Any CPU = Debug|Any CPU
		Release|Any CPU = Release|Any CPU
	EndGlobalSection
	GlobalSection(ProjectConfigurationPlatforms) = postSolution
		{9FF0388B-B286-4872-AF48-5B88D31E7249}.Debug|Any CPU.ActiveCfg = Debug|Any CPU
		{9FF0388B-B286-4872-AF48-5B88D31E7249}.Debug|Any CPU.Build.0 = Debug|Any CPU
		{9FF0388B-B286-4872-AF48-5B88D31E7249}.Release|Any CPU.ActiveCfg = Release|Any CPU
		{9FF0388B-B286-4872-AF48-5B88D31E7249}.Release|Any CPU.Build.0 = Release|Any CPU
	EndGlobalSection
	GlobalSection(SolutionProperties) = preSolution
		HideSolutionNode = FALSE
	EndGlobalSection
	GlobalSection(ExtensibilityGlobals) = postSolution
		SolutionGuid = {015DA9BB-2369-472E-AB07-096C098F172C}
	EndGlobalSection
EndGlobal
